
Microsoft Visual Studio Solution File, Format Version 12.00
# Visual Studio 15
VisualStudioVersion = 15.0.26124.0
MinimumVisualStudioVersion = 15.0.26124.0
Project("{FAE04EC0-301F-11D3-BF4B-00C04F79EFBC}") = "ShoppingCart", "ShoppingCart\ShoppingCart.csproj", "{8C383EE2-09D8-4AF3-8D10-4FD2EBF1ADB6}"
EndProject
Project("{FAE04EC0-301F-11D3-BF4B-00C04F79EFBC}") = "ProductCatalog", "ProductCatalog\ProductCatalog.csproj", "{76BF75AB-488D-4966-A137-E95AA8A065BF}"
EndProject
Project("{2150E333-8FDC-42A3-9474-1A3956D46DE8}") = "SolutionItems", "SolutionItems", "{488F7B49-3794-4FD0-A479-A6C2B6DD5160}"
ProjectSection(SolutionItems) = preProject
	docker-compose.yaml = docker-compose.yaml
	examples.http = examples.http
	http-client.env.json = http-client.env.json
EndProjectSection
EndProject
Global
	GlobalSection(SolutionConfigurationPlatforms) = preSolution
		Debug|Any CPU = Debug|Any CPU
		Debug|x64 = Debug|x64
		Debug|x86 = Debug|x86
		Release|Any CPU = Release|Any CPU
		Release|x64 = Release|x64
		Release|x86 = Release|x86
	EndGlobalSection
	GlobalSection(SolutionProperties) = preSolution
		HideSolutionNode = FALSE
	EndGlobalSection
	GlobalSection(ProjectConfigurationPlatforms) = postSolution
		{8C383EE2-09D8-4AF3-8D10-4FD2EBF1ADB6}.Debug|Any CPU.ActiveCfg = Debug|Any CPU
		{8C383EE2-09D8-4AF3-8D10-4FD2EBF1ADB6}.Debug|Any CPU.Build.0 = Debug|Any CPU
		{8C383EE2-09D8-4AF3-8D10-4FD2EBF1ADB6}.Debug|x64.ActiveCfg = Debug|Any CPU
		{8C383EE2-09D8-4AF3-8D10-4FD2EBF1ADB6}.Debug|x64.Build.0 = Debug|Any CPU
		{8C383EE2-09D8-4AF3-8D10-4FD2EBF1ADB6}.Debug|x86.ActiveCfg = Debug|Any CPU
		{8C383EE2-09D8-4AF3-8D10-4FD2EBF1ADB6}.Debug|x86.Build.0 = Debug|Any CPU
		{8C383EE2-09D8-4AF3-8D10-4FD2EBF1ADB6}.Release|Any CPU.ActiveCfg = Release|Any CPU
		{8C383EE2-09D8-4AF3-8D10-4FD2EBF1ADB6}.Release|Any CPU.Build.0 = Release|Any CPU
		{8C383EE2-09D8-4AF3-8D10-4FD2EBF1ADB6}.Release|x64.ActiveCfg = Release|Any CPU
		{8C383EE2-09D8-4AF3-8D10-4FD2EBF1ADB6}.Release|x64.Build.0 = Release|Any CPU
		{8C383EE2-09D8-4AF3-8D10-4FD2EBF1ADB6}.Release|x86.ActiveCfg = Release|Any CPU
		{8C383EE2-09D8-4AF3-8D10-4FD2EBF1ADB6}.Release|x86.Build.0 = Release|Any CPU
		{76BF75AB-488D-4966-A137-E95AA8A065BF}.Debug|Any CPU.ActiveCfg = Debug|Any CPU
		{76BF75AB-488D-4966-A137-E95AA8A065BF}.Debug|Any CPU.Build.0 = Debug|Any CPU
		{76BF75AB-488D-4966-A137-E95AA8A065BF}.Debug|x64.ActiveCfg = Debug|Any CPU
		{76BF75AB-488D-4966-A137-E95AA8A065BF}.Debug|x64.Build.0 = Debug|Any CPU
		{76BF75AB-488D-4966-A137-E95AA8A065BF}.Debug|x86.ActiveCfg = Debug|Any CPU
		{76BF75AB-488D-4966-A137-E95AA8A065BF}.Debug|x86.Build.0 = Debug|Any CPU
		{76BF75AB-488D-4966-A137-E95AA8A065BF}.Release|Any CPU.ActiveCfg = Release|Any CPU
		{76BF75AB-488D-4966-A137-E95AA8A065BF}.Release|Any CPU.Build.0 = Release|Any CPU
		{76BF75AB-488D-4966-A137-E95AA8A065BF}.Release|x64.ActiveCfg = Release|Any CPU
		{76BF75AB-488D-4966-A137-E95AA8A065BF}.Release|x64.Build.0 = Release|Any CPU
		{76BF75AB-488D-4966-A137-E95AA8A065BF}.Release|x86.ActiveCfg = Release|Any CPU
		{76BF75AB-488D-4966-A137-E95AA8A065BF}.Release|x86.Build.0 = Release|Any CPU
	EndGlobalSection
EndGlobal
