
Microsoft Visual Studio Solution File, Format Version 12.00
# Visual Studio 15
VisualStudioVersion = 15.0.26124.0
MinimumVisualStudioVersion = 15.0.26124.0
Project("{FAE04EC0-301F-11D3-BF4B-00C04F79EFBC}") = "LoyaltyProgram", "LoyaltyProgram\LoyaltyProgram.csproj", "{FE688738-72A7-48AF-88DB-DDC57C3C66B9}"
EndProject
Project("{FAE04EC0-301F-11D3-BF4B-00C04F79EFBC}") = "EventConsumer", "EventConsumer\EventConsumer.csproj", "{C48AE49A-EB91-4012-BD73-83782BCE2269}"
EndProject
Project("{FAE04EC0-301F-11D3-BF4B-00C04F79EFBC}") = "LoyaltyProgramUnitTests", "LoyaltyProgramUnitTests\LoyaltyProgramUnitTests.csproj", "{45F76A84-E91D-4211-8722-E8C67D7D1746}"
EndProject
Project("{FAE04EC0-301F-11D3-BF4B-00C04F79EFBC}") = "LoyaltyProgramServiceTests", "LoyaltyProgramServiceTests\LoyaltyProgramServiceTests.csproj", "{EE1A5BA7-A5E2-4600-8FBE-DB986372B716}"
EndProject
Global
	GlobalSection(SolutionConfigurationPlatforms) = preSolution
		Debug|Any CPU = Debug|Any CPU
		Debug|x64 = Debug|x64
		Debug|x86 = Debug|x86
		Release|Any CPU = Release|Any CPU
		Release|x64 = Release|x64
		Release|x86 = Release|x86
	EndGlobalSection
	GlobalSection(SolutionProperties) = preSolution
		HideSolutionNode = FALSE
	EndGlobalSection
	GlobalSection(ProjectConfigurationPlatforms) = postSolution
		{FE688738-72A7-48AF-88DB-DDC57C3C66B9}.Debug|Any CPU.ActiveCfg = Debug|Any CPU
		{FE688738-72A7-48AF-88DB-DDC57C3C66B9}.Debug|Any CPU.Build.0 = Debug|Any CPU
		{FE688738-72A7-48AF-88DB-DDC57C3C66B9}.Debug|x64.ActiveCfg = Debug|Any CPU
		{FE688738-72A7-48AF-88DB-DDC57C3C66B9}.Debug|x64.Build.0 = Debug|Any CPU
		{FE688738-72A7-48AF-88DB-DDC57C3C66B9}.Debug|x86.ActiveCfg = Debug|Any CPU
		{FE688738-72A7-48AF-88DB-DDC57C3C66B9}.Debug|x86.Build.0 = Debug|Any CPU
		{FE688738-72A7-48AF-88DB-DDC57C3C66B9}.Release|Any CPU.ActiveCfg = Release|Any CPU
		{FE688738-72A7-48AF-88DB-DDC57C3C66B9}.Release|Any CPU.Build.0 = Release|Any CPU
		{FE688738-72A7-48AF-88DB-DDC57C3C66B9}.Release|x64.ActiveCfg = Release|Any CPU
		{FE688738-72A7-48AF-88DB-DDC57C3C66B9}.Release|x64.Build.0 = Release|Any CPU
		{FE688738-72A7-48AF-88DB-DDC57C3C66B9}.Release|x86.ActiveCfg = Release|Any CPU
		{FE688738-72A7-48AF-88DB-DDC57C3C66B9}.Release|x86.Build.0 = Release|Any CPU
		{C48AE49A-EB91-4012-BD73-83782BCE2269}.Debug|Any CPU.ActiveCfg = Debug|Any CPU
		{C48AE49A-EB91-4012-BD73-83782BCE2269}.Debug|Any CPU.Build.0 = Debug|Any CPU
		{C48AE49A-EB91-4012-BD73-83782BCE2269}.Debug|x64.ActiveCfg = Debug|Any CPU
		{C48AE49A-EB91-4012-BD73-83782BCE2269}.Debug|x64.Build.0 = Debug|Any CPU
		{C48AE49A-EB91-4012-BD73-83782BCE2269}.Debug|x86.ActiveCfg = Debug|Any CPU
		{C48AE49A-EB91-4012-BD73-83782BCE2269}.Debug|x86.Build.0 = Debug|Any CPU
		{C48AE49A-EB91-4012-BD73-83782BCE2269}.Release|Any CPU.ActiveCfg = Release|Any CPU
		{C48AE49A-EB91-4012-BD73-83782BCE2269}.Release|Any CPU.Build.0 = Release|Any CPU
		{C48AE49A-EB91-4012-BD73-83782BCE2269}.Release|x64.ActiveCfg = Release|Any CPU
		{C48AE49A-EB91-4012-BD73-83782BCE2269}.Release|x64.Build.0 = Release|Any CPU
		{C48AE49A-EB91-4012-BD73-83782BCE2269}.Release|x86.ActiveCfg = Release|Any CPU
		{C48AE49A-EB91-4012-BD73-83782BCE2269}.Release|x86.Build.0 = Release|Any CPU
		{45F76A84-E91D-4211-8722-E8C67D7D1746}.Debug|Any CPU.ActiveCfg = Debug|Any CPU
		{45F76A84-E91D-4211-8722-E8C67D7D1746}.Debug|Any CPU.Build.0 = Debug|Any CPU
		{45F76A84-E91D-4211-8722-E8C67D7D1746}.Debug|x64.ActiveCfg = Debug|Any CPU
		{45F76A84-E91D-4211-8722-E8C67D7D1746}.Debug|x64.Build.0 = Debug|Any CPU
		{45F76A84-E91D-4211-8722-E8C67D7D1746}.Debug|x86.ActiveCfg = Debug|Any CPU
		{45F76A84-E91D-4211-8722-E8C67D7D1746}.Debug|x86.Build.0 = Debug|Any CPU
		{45F76A84-E91D-4211-8722-E8C67D7D1746}.Release|Any CPU.ActiveCfg = Release|Any CPU
		{45F76A84-E91D-4211-8722-E8C67D7D1746}.Release|Any CPU.Build.0 = Release|Any CPU
		{45F76A84-E91D-4211-8722-E8C67D7D1746}.Release|x64.ActiveCfg = Release|Any CPU
		{45F76A84-E91D-4211-8722-E8C67D7D1746}.Release|x64.Build.0 = Release|Any CPU
		{45F76A84-E91D-4211-8722-E8C67D7D1746}.Release|x86.ActiveCfg = Release|Any CPU
		{45F76A84-E91D-4211-8722-E8C67D7D1746}.Release|x86.Build.0 = Release|Any CPU
		{EE1A5BA7-A5E2-4600-8FBE-DB986372B716}.Debug|Any CPU.ActiveCfg = Debug|Any CPU
		{EE1A5BA7-A5E2-4600-8FBE-DB986372B716}.Debug|Any CPU.Build.0 = Debug|Any CPU
		{EE1A5BA7-A5E2-4600-8FBE-DB986372B716}.Debug|x64.ActiveCfg = Debug|Any CPU
		{EE1A5BA7-A5E2-4600-8FBE-DB986372B716}.Debug|x64.Build.0 = Debug|Any CPU
		{EE1A5BA7-A5E2-4600-8FBE-DB986372B716}.Debug|x86.ActiveCfg = Debug|Any CPU
		{EE1A5BA7-A5E2-4600-8FBE-DB986372B716}.Debug|x86.Build.0 = Debug|Any CPU
		{EE1A5BA7-A5E2-4600-8FBE-DB986372B716}.Release|Any CPU.ActiveCfg = Release|Any CPU
		{EE1A5BA7-A5E2-4600-8FBE-DB986372B716}.Release|Any CPU.Build.0 = Release|Any CPU
		{EE1A5BA7-A5E2-4600-8FBE-DB986372B716}.Release|x64.ActiveCfg = Release|Any CPU
		{EE1A5BA7-A5E2-4600-8FBE-DB986372B716}.Release|x64.Build.0 = Release|Any CPU
		{EE1A5BA7-A5E2-4600-8FBE-DB986372B716}.Release|x86.ActiveCfg = Release|Any CPU
		{EE1A5BA7-A5E2-4600-8FBE-DB986372B716}.Release|x86.Build.0 = Release|Any CPU
	EndGlobalSection
EndGlobal
