
Microsoft Visual Studio Solution File, Format Version 12.00
# Visual Studio 15
VisualStudioVersion = 15.0.26124.0
MinimumVisualStudioVersion = 15.0.26124.0
Project("{FAE04EC0-301F-11D3-BF4B-00C04F79EFBC}") = "MicroserviceNET.Logging", "MicroserviceNET.Logging\MicroserviceNET.Logging.csproj", "{75FC47A9-4440-4471-8377-93F4BC22FEB5}"
EndProject
Project("{FAE04EC0-301F-11D3-BF4B-00C04F79EFBC}") = "MicroserviceNET.Monitoring", "MicroserviceNET.Monitoring\MicroserviceNET.Monitoring.csproj", "{D4210EBE-1117-4BCC-B9EC-2FD67F23B7CA}"
EndProject
Project("{FAE04EC0-301F-11D3-BF4B-00C04F79EFBC}") = "Middleware", "Middleware\Middleware.csproj", "{BF3B664B-F296-4FB2-9BF6-3449E9A7711F}"
EndProject
Project("{FAE04EC0-301F-11D3-BF4B-00C04F79EFBC}") = "MiddlewareTests", "MiddlewareTests\MiddlewareTests.csproj", "{F92C0BA4-BEC1-42D1-97C9-3D16C1836143}"
EndProject
Global
	GlobalSection(SolutionConfigurationPlatforms) = preSolution
		Debug|Any CPU = Debug|Any CPU
		Debug|x64 = Debug|x64
		Debug|x86 = Debug|x86
		Release|Any CPU = Release|Any CPU
		Release|x64 = Release|x64
		Release|x86 = Release|x86
	EndGlobalSection
	GlobalSection(SolutionProperties) = preSolution
		HideSolutionNode = FALSE
	EndGlobalSection
	GlobalSection(ProjectConfigurationPlatforms) = postSolution
		{75FC47A9-4440-4471-8377-93F4BC22FEB5}.Debug|Any CPU.ActiveCfg = Debug|Any CPU
		{75FC47A9-4440-4471-8377-93F4BC22FEB5}.Debug|Any CPU.Build.0 = Debug|Any CPU
		{75FC47A9-4440-4471-8377-93F4BC22FEB5}.Debug|x64.ActiveCfg = Debug|Any CPU
		{75FC47A9-4440-4471-8377-93F4BC22FEB5}.Debug|x64.Build.0 = Debug|Any CPU
		{75FC47A9-4440-4471-8377-93F4BC22FEB5}.Debug|x86.ActiveCfg = Debug|Any CPU
		{75FC47A9-4440-4471-8377-93F4BC22FEB5}.Debug|x86.Build.0 = Debug|Any CPU
		{75FC47A9-4440-4471-8377-93F4BC22FEB5}.Release|Any CPU.ActiveCfg = Release|Any CPU
		{75FC47A9-4440-4471-8377-93F4BC22FEB5}.Release|Any CPU.Build.0 = Release|Any CPU
		{75FC47A9-4440-4471-8377-93F4BC22FEB5}.Release|x64.ActiveCfg = Release|Any CPU
		{75FC47A9-4440-4471-8377-93F4BC22FEB5}.Release|x64.Build.0 = Release|Any CPU
		{75FC47A9-4440-4471-8377-93F4BC22FEB5}.Release|x86.ActiveCfg = Release|Any CPU
		{75FC47A9-4440-4471-8377-93F4BC22FEB5}.Release|x86.Build.0 = Release|Any CPU
		{D4210EBE-1117-4BCC-B9EC-2FD67F23B7CA}.Debug|Any CPU.ActiveCfg = Debug|Any CPU
		{D4210EBE-1117-4BCC-B9EC-2FD67F23B7CA}.Debug|Any CPU.Build.0 = Debug|Any CPU
		{D4210EBE-1117-4BCC-B9EC-2FD67F23B7CA}.Debug|x64.ActiveCfg = Debug|Any CPU
		{D4210EBE-1117-4BCC-B9EC-2FD67F23B7CA}.Debug|x64.Build.0 = Debug|Any CPU
		{D4210EBE-1117-4BCC-B9EC-2FD67F23B7CA}.Debug|x86.ActiveCfg = Debug|Any CPU
		{D4210EBE-1117-4BCC-B9EC-2FD67F23B7CA}.Debug|x86.Build.0 = Debug|Any CPU
		{D4210EBE-1117-4BCC-B9EC-2FD67F23B7CA}.Release|Any CPU.ActiveCfg = Release|Any CPU
		{D4210EBE-1117-4BCC-B9EC-2FD67F23B7CA}.Release|Any CPU.Build.0 = Release|Any CPU
		{D4210EBE-1117-4BCC-B9EC-2FD67F23B7CA}.Release|x64.ActiveCfg = Release|Any CPU
		{D4210EBE-1117-4BCC-B9EC-2FD67F23B7CA}.Release|x64.Build.0 = Release|Any CPU
		{D4210EBE-1117-4BCC-B9EC-2FD67F23B7CA}.Release|x86.ActiveCfg = Release|Any CPU
		{D4210EBE-1117-4BCC-B9EC-2FD67F23B7CA}.Release|x86.Build.0 = Release|Any CPU
		{BF3B664B-F296-4FB2-9BF6-3449E9A7711F}.Debug|Any CPU.ActiveCfg = Debug|Any CPU
		{BF3B664B-F296-4FB2-9BF6-3449E9A7711F}.Debug|Any CPU.Build.0 = Debug|Any CPU
		{BF3B664B-F296-4FB2-9BF6-3449E9A7711F}.Debug|x64.ActiveCfg = Debug|Any CPU
		{BF3B664B-F296-4FB2-9BF6-3449E9A7711F}.Debug|x64.Build.0 = Debug|Any CPU
		{BF3B664B-F296-4FB2-9BF6-3449E9A7711F}.Debug|x86.ActiveCfg = Debug|Any CPU
		{BF3B664B-F296-4FB2-9BF6-3449E9A7711F}.Debug|x86.Build.0 = Debug|Any CPU
		{BF3B664B-F296-4FB2-9BF6-3449E9A7711F}.Release|Any CPU.ActiveCfg = Release|Any CPU
		{BF3B664B-F296-4FB2-9BF6-3449E9A7711F}.Release|Any CPU.Build.0 = Release|Any CPU
		{BF3B664B-F296-4FB2-9BF6-3449E9A7711F}.Release|x64.ActiveCfg = Release|Any CPU
		{BF3B664B-F296-4FB2-9BF6-3449E9A7711F}.Release|x64.Build.0 = Release|Any CPU
		{BF3B664B-F296-4FB2-9BF6-3449E9A7711F}.Release|x86.ActiveCfg = Release|Any CPU
		{BF3B664B-F296-4FB2-9BF6-3449E9A7711F}.Release|x86.Build.0 = Release|Any CPU
		{F92C0BA4-BEC1-42D1-97C9-3D16C1836143}.Debug|Any CPU.ActiveCfg = Debug|Any CPU
		{F92C0BA4-BEC1-42D1-97C9-3D16C1836143}.Debug|Any CPU.Build.0 = Debug|Any CPU
		{F92C0BA4-BEC1-42D1-97C9-3D16C1836143}.Debug|x64.ActiveCfg = Debug|Any CPU
		{F92C0BA4-BEC1-42D1-97C9-3D16C1836143}.Debug|x64.Build.0 = Debug|Any CPU
		{F92C0BA4-BEC1-42D1-97C9-3D16C1836143}.Debug|x86.ActiveCfg = Debug|Any CPU
		{F92C0BA4-BEC1-42D1-97C9-3D16C1836143}.Debug|x86.Build.0 = Debug|Any CPU
		{F92C0BA4-BEC1-42D1-97C9-3D16C1836143}.Release|Any CPU.ActiveCfg = Release|Any CPU
		{F92C0BA4-BEC1-42D1-97C9-3D16C1836143}.Release|Any CPU.Build.0 = Release|Any CPU
		{F92C0BA4-BEC1-42D1-97C9-3D16C1836143}.Release|x64.ActiveCfg = Release|Any CPU
		{F92C0BA4-BEC1-42D1-97C9-3D16C1836143}.Release|x64.Build.0 = Release|Any CPU
		{F92C0BA4-BEC1-42D1-97C9-3D16C1836143}.Release|x86.ActiveCfg = Release|Any CPU
		{F92C0BA4-BEC1-42D1-97C9-3D16C1836143}.Release|x86.Build.0 = Release|Any CPU
	EndGlobalSection
EndGlobal
